
Microsoft Visual Studio Solution File, Format Version 12.00
# Visual Studio 15
VisualStudioVersion = 15.0.27004.2006
MinimumVisualStudioVersion = 10.0.40219.1
Project("{FAE04EC0-301F-11D3-BF4B-00C04F79EFBC}") = "MyFirstWebAPI", "MyFirstWebAPI\MyFirstWebAPI.csproj", "{BD657CAA-B294-4780-BCC5-35528F5B152B}"
EndProject
Global
	GlobalSection(SolutionConfigurationPlatforms) = preSolution
		Debug|Any CPU = Debug|Any CPU
		Release|Any CPU = Release|Any CPU
	EndGlobalSection
	GlobalSection(ProjectConfigurationPlatforms) = postSolution
		{BD657CAA-B294-4780-BCC5-35528F5B152B}.Debug|Any CPU.ActiveCfg = Debug|Any CPU
		{BD657CAA-B294-4780-BCC5-35528F5B152B}.Debug|Any CPU.Build.0 = Debug|Any CPU
		{BD657CAA-B294-4780-BCC5-35528F5B152B}.Release|Any CPU.ActiveCfg = Release|Any CPU
		{BD657CAA-B294-4780-BCC5-35528F5B152B}.Release|Any CPU.Build.0 = Release|Any CPU
	EndGlobalSection
	GlobalSection(SolutionProperties) = preSolution
		HideSolutionNode = FALSE
	EndGlobalSection
	GlobalSection(ExtensibilityGlobals) = postSolution
		SolutionGuid = {55E874BE-5223-41C9-AEAC-51BA7F21A85E}
	EndGlobalSection
EndGlobal
